
Microsoft Visual Studio Solution File, Format Version 12.00
# Visual Studio Version 17
VisualStudioVersion = 17.4.33213.308
MinimumVisualStudioVersion = 10.0.40219.1
Project("{2150E333-8FDC-42A3-9474-1A3956D46DE8}") = "Servicos", "Servicos", "{3019A592-0146-4C77-82EF-17FD3D5C930C}"
EndProject
Project("{2150E333-8FDC-42A3-9474-1A3956D46DE8}") = "Integracoes", "Integracoes", "{6668963D-0D3A-4637-AB44-CD22BAAC0055}"
EndProject
Project("{9A19103F-16F7-4668-BE54-9A1E7A4F7556}") = "ControleOficina.Domain", "ControleOficina.Domain\ControleOficina.Domain.csproj", "{52545F59-B1ED-4DC1-96E7-EABA55C7C162}"
EndProject
Project("{9A19103F-16F7-4668-BE54-9A1E7A4F7556}") = "ControleOficina.Servicos", "ControleOficina.Servicos\ControleOficina.Servicos.csproj", "{3F7BD11A-7E9D-4145-8BBB-5F5E6EEB7A37}"
EndProject
Project("{9A19103F-16F7-4668-BE54-9A1E7A4F7556}") = "ControleOficina.LeitorQrCode", "ControleOficina.LeitorQrCode\ControleOficina.LeitorQrCode.csproj", "{00004D80-0E8D-49B6-90B9-79CDC7652994}"
EndProject
Global
	GlobalSection(SolutionConfigurationPlatforms) = preSolution
		Debug|Any CPU = Debug|Any CPU
		Release|Any CPU = Release|Any CPU
	EndGlobalSection
	GlobalSection(ProjectConfigurationPlatforms) = postSolution
		{52545F59-B1ED-4DC1-96E7-EABA55C7C162}.Debug|Any CPU.ActiveCfg = Debug|Any CPU
		{52545F59-B1ED-4DC1-96E7-EABA55C7C162}.Debug|Any CPU.Build.0 = Debug|Any CPU
		{52545F59-B1ED-4DC1-96E7-EABA55C7C162}.Release|Any CPU.ActiveCfg = Release|Any CPU
		{52545F59-B1ED-4DC1-96E7-EABA55C7C162}.Release|Any CPU.Build.0 = Release|Any CPU
		{3F7BD11A-7E9D-4145-8BBB-5F5E6EEB7A37}.Debug|Any CPU.ActiveCfg = Debug|Any CPU
		{3F7BD11A-7E9D-4145-8BBB-5F5E6EEB7A37}.Debug|Any CPU.Build.0 = Debug|Any CPU
		{3F7BD11A-7E9D-4145-8BBB-5F5E6EEB7A37}.Release|Any CPU.ActiveCfg = Release|Any CPU
		{3F7BD11A-7E9D-4145-8BBB-5F5E6EEB7A37}.Release|Any CPU.Build.0 = Release|Any CPU
		{00004D80-0E8D-49B6-90B9-79CDC7652994}.Debug|Any CPU.ActiveCfg = Debug|Any CPU
		{00004D80-0E8D-49B6-90B9-79CDC7652994}.Debug|Any CPU.Build.0 = Debug|Any CPU
		{00004D80-0E8D-49B6-90B9-79CDC7652994}.Release|Any CPU.ActiveCfg = Release|Any CPU
		{00004D80-0E8D-49B6-90B9-79CDC7652994}.Release|Any CPU.Build.0 = Release|Any CPU
	EndGlobalSection
	GlobalSection(SolutionProperties) = preSolution
		HideSolutionNode = FALSE
	EndGlobalSection
	GlobalSection(NestedProjects) = preSolution
		{52545F59-B1ED-4DC1-96E7-EABA55C7C162} = {6668963D-0D3A-4637-AB44-CD22BAAC0055}
		{3F7BD11A-7E9D-4145-8BBB-5F5E6EEB7A37} = {3019A592-0146-4C77-82EF-17FD3D5C930C}
		{00004D80-0E8D-49B6-90B9-79CDC7652994} = {3019A592-0146-4C77-82EF-17FD3D5C930C}
	EndGlobalSection
	GlobalSection(ExtensibilityGlobals) = postSolution
		SolutionGuid = {4837EA11-05FB-4548-B22F-3D73E59235B3}
	EndGlobalSection
EndGlobal
